
Microsoft Visual Studio Solution File, Format Version 12.00
# Visual Studio Version 17
VisualStudioVersion = 17.0.31903.59
MinimumVisualStudioVersion = 10.0.40219.1
Project("{9A19103F-16F7-4668-BE54-9A1E7A4F7556}") = "API", "API\API.csproj", "{8246B57D-B9C6-42DD-B0C2-B29AF62CB7F7}"
EndProject
Project("{2150E333-8FDC-42A3-9474-1A3956D46DE8}") = "Solution Items", "Solution Items", "{069D6DC6-CBE9-4B95-834A-D3C84EE10D6A}"
EndProject
Project("{FAE04EC0-301F-11D3-BF4B-00C04F79EFBC}") = "API.Services", "API.Services\API.Services.csproj", "{B662EB4D-6ECA-45E7-930E-BA37F50DA1EA}"
EndProject
Project("{FAE04EC0-301F-11D3-BF4B-00C04F79EFBC}") = "API.Data", "API.Data\API.Data.csproj", "{F8EDE78B-2335-48BA-A4E1-9E4C0F582A89}"
EndProject
Global
	GlobalSection(SolutionConfigurationPlatforms) = preSolution
		Debug|Any CPU = Debug|Any CPU
		Release|Any CPU = Release|Any CPU
	EndGlobalSection
	GlobalSection(ProjectConfigurationPlatforms) = postSolution
		{8246B57D-B9C6-42DD-B0C2-B29AF62CB7F7}.Debug|Any CPU.ActiveCfg = Debug|Any CPU
		{8246B57D-B9C6-42DD-B0C2-B29AF62CB7F7}.Debug|Any CPU.Build.0 = Debug|Any CPU
		{8246B57D-B9C6-42DD-B0C2-B29AF62CB7F7}.Release|Any CPU.ActiveCfg = Release|Any CPU
		{8246B57D-B9C6-42DD-B0C2-B29AF62CB7F7}.Release|Any CPU.Build.0 = Release|Any CPU
		{B662EB4D-6ECA-45E7-930E-BA37F50DA1EA}.Debug|Any CPU.ActiveCfg = Debug|Any CPU
		{B662EB4D-6ECA-45E7-930E-BA37F50DA1EA}.Debug|Any CPU.Build.0 = Debug|Any CPU
		{B662EB4D-6ECA-45E7-930E-BA37F50DA1EA}.Release|Any CPU.ActiveCfg = Release|Any CPU
		{B662EB4D-6ECA-45E7-930E-BA37F50DA1EA}.Release|Any CPU.Build.0 = Release|Any CPU
		{F8EDE78B-2335-48BA-A4E1-9E4C0F582A89}.Debug|Any CPU.ActiveCfg = Debug|Any CPU
		{F8EDE78B-2335-48BA-A4E1-9E4C0F582A89}.Debug|Any CPU.Build.0 = Debug|Any CPU
		{F8EDE78B-2335-48BA-A4E1-9E4C0F582A89}.Release|Any CPU.ActiveCfg = Release|Any CPU
		{F8EDE78B-2335-48BA-A4E1-9E4C0F582A89}.Release|Any CPU.Build.0 = Release|Any CPU
	EndGlobalSection
	GlobalSection(SolutionProperties) = preSolution
		HideSolutionNode = FALSE
	EndGlobalSection
	GlobalSection(ExtensibilityGlobals) = postSolution
		SolutionGuid = {475C64D0-F5EE-4480-AB4A-F0A42A127D81}
	EndGlobalSection
EndGlobal
